# This file is generated by running "yarn install" inside your project.
# Manual changes might be lost - proceed with caution!

__metadata:
  version: 8
  cacheKey: 10c0

"accepts@npm:~1.3.8":
  version: 1.3.8
  resolution: "accepts@npm:1.3.8"
  dependencies:
    mime-types: "npm:~2.1.34"
    negotiator: "npm:0.6.3"
  checksum: 3a35c5f5586cfb9a21163ca47a5f77ac34fa8ceb5d17d2fa2c0d81f41cbd7f8c6fa52c77e2c039acc0f4d09e71abdc51144246900f6bef5e3c4b333f77d89362
  languageName: node
  linkType: hard

"ajv@npm:^6.5.5":
  version: 6.10.0
  resolution: "ajv@npm:6.10.0"
  dependencies:
    fast-deep-equal: "npm:^2.0.1"
    fast-json-stable-stringify: "npm:^2.0.0"
    json-schema-traverse: "npm:^0.4.1"
    uri-js: "npm:^4.2.2"
  checksum: 1d1a25c7c31ce408b957cab13dd1080225a8b9f75a899e9c0ad2fed16d737010f1a5654587536ca3dd352bbb88f5bec49d95d07fc45fd506371826f3c70ce773
  languageName: node
  linkType: hard

"array-flatten@npm:1.1.1":
  version: 1.1.1
  resolution: "array-flatten@npm:1.1.1"
  checksum: 806966c8abb2f858b08f5324d9d18d7737480610f3bd5d3498aaae6eb5efdc501a884ba019c9b4a8f02ff67002058749d05548fd42fa8643f02c9c7f22198b91
  languageName: node
  linkType: hard

"asn1@npm:~0.2.3":
  version: 0.2.4
  resolution: "asn1@npm:0.2.4"
  dependencies:
    safer-buffer: "npm:~2.1.0"
  checksum: cdd85010a393ec7b88b127c879a0a580f65ea5f919605e5264bc70cefaa295e9ecb1cfe045fbd76f3dbbea9ee6ab4acd750ae81b39994c61a7e80645b0cbdc42
  languageName: node
  linkType: hard

"assert-plus@npm:1.0.0, assert-plus@npm:^1.0.0":
  version: 1.0.0
  resolution: "assert-plus@npm:1.0.0"
  checksum: b194b9d50c3a8f872ee85ab110784911e696a4d49f7ee6fc5fb63216dedbefd2c55999c70cb2eaeb4cf4a0e0338b44e9ace3627117b5bf0d42460e9132f21b91
  languageName: node
  linkType: hard

"async@npm:^3.2.5":
  version: 3.2.5
  resolution: "async@npm:3.2.5"
  checksum: 1408287b26c6db67d45cb346e34892cee555b8b59e6c68e6f8c3e495cad5ca13b4f218180e871f3c2ca30df4ab52693b66f2f6ff43644760cab0b2198bda79c1
  languageName: node
  linkType: hard

"asynckit@npm:^0.4.0":
  version: 0.4.0
  resolution: "asynckit@npm:0.4.0"
  checksum: d73e2ddf20c4eb9337e1b3df1a0f6159481050a5de457c55b14ea2e5cb6d90bb69e004c9af54737a5ee0917fcf2c9e25de67777bbe58261847846066ba75bc9d
  languageName: node
  linkType: hard

"aws-sign2@npm:~0.7.0":
  version: 0.7.0
  resolution: "aws-sign2@npm:0.7.0"
  checksum: 021d2cc5547d4d9ef1633e0332e746a6f447997758b8b68d6fb33f290986872d2bff5f0c37d5832f41a7229361f093cd81c40898d96ed153493c0fb5cd8575d2
  languageName: node
  linkType: hard

"aws4@npm:^1.8.0":
  version: 1.8.0
  resolution: "aws4@npm:1.8.0"
  checksum: 56997cf26f6dfeccf9a7d0ba47b0829b149281476f493ee509125499ce2043c08ad06883f694664c7911d38028dc07444995ee52b40e585cf50d86ff488e2b74
  languageName: node
  linkType: hard

"bcrypt-pbkdf@npm:^1.0.0":
  version: 1.0.2
  resolution: "bcrypt-pbkdf@npm:1.0.2"
  dependencies:
    tweetnacl: "npm:^0.14.3"
  checksum: ddfe85230b32df25aeebfdccfbc61d3bc493ace49c884c9c68575de1f5dcf733a5d7de9def3b0f318b786616b8d85bad50a28b1da1750c43e0012c93badcc148
  languageName: node
  linkType: hard

"bluebird@npm:^3.1.5":
  version: 3.5.5
  resolution: "bluebird@npm:3.5.5"
  checksum: 8f93d9b0db2ab6f6042dc1c20c944487877f415ff78d557e499f8cb165220e06f20d9f396a9cd3191b1ef967debb459c25d703be9a080053b28540c96eff07a9
  languageName: node
  linkType: hard

"body-parser@npm:1.20.2":
  version: 1.20.2
  resolution: "body-parser@npm:1.20.2"
  dependencies:
    bytes: "npm:3.1.2"
    content-type: "npm:~1.0.5"
    debug: "npm:2.6.9"
    depd: "npm:2.0.0"
    destroy: "npm:1.2.0"
    http-errors: "npm:2.0.0"
    iconv-lite: "npm:0.4.24"
    on-finished: "npm:2.4.1"
    qs: "npm:6.11.0"
    raw-body: "npm:2.5.2"
    type-is: "npm:~1.6.18"
    unpipe: "npm:1.0.0"
  checksum: 06f1438fff388a2e2354c96aa3ea8147b79bfcb1262dfcc2aae68ec13723d01d5781680657b74e9f83c808266d5baf52804032fbde2b7382b89bd8cdb273ace9
  languageName: node
  linkType: hard

"bytes@npm:3.1.2":
  version: 3.1.2
  resolution: "bytes@npm:3.1.2"
  checksum: 76d1c43cbd602794ad8ad2ae94095cddeb1de78c5dddaa7005c51af10b0176c69971a6d88e805a90c2b6550d76636e43c40d8427a808b8645ede885de4a0358e
  languageName: node
  linkType: hard

"call-bind@npm:^1.0.0":
  version: 1.0.5
  resolution: "call-bind@npm:1.0.5"
  dependencies:
    function-bind: "npm:^1.1.2"
    get-intrinsic: "npm:^1.2.1"
    set-function-length: "npm:^1.1.1"
  checksum: a6172c168fd6dacf744fcde745099218056bd755c50415b592655dcd6562157ed29f130f56c3f6db2250f67e4bd62e5c218cdc56d7bfd76e0bda50770fce2d10
  languageName: node
  linkType: hard

"caseless@npm:~0.12.0":
  version: 0.12.0
  resolution: "caseless@npm:0.12.0"
  checksum: ccf64bcb6c0232cdc5b7bd91ddd06e23a4b541f138336d4725233ac538041fb2f29c2e86c3c4a7a61ef990b665348db23a047060b9414c3a6603e9fa61ad4626
  languageName: node
  linkType: hard

"combined-stream@npm:^1.0.6, combined-stream@npm:^1.0.8, combined-stream@npm:~1.0.6":
  version: 1.0.8
  resolution: "combined-stream@npm:1.0.8"
  dependencies:
    delayed-stream: "npm:~1.0.0"
  checksum: 0dbb829577e1b1e839fa82b40c07ffaf7de8a09b935cadd355a73652ae70a88b4320db322f6634a4ad93424292fa80973ac6480986247f1734a1137debf271d5
  languageName: node
  linkType: hard

"component-emitter@npm:^1.3.0":
  version: 1.3.0
  resolution: "component-emitter@npm:1.3.0"
  checksum: 68774a0a3754fb6c0ba53c2e88886dfbd0c773931066abb1d7fd1b0c893b2a838d8f088ab4dca1f18cc1a4fc2e6932019eba3ded2d931b5ba2241ce40e93a24f
  languageName: node
  linkType: hard

"content-disposition@npm:0.5.4":
  version: 0.5.4
  resolution: "content-disposition@npm:0.5.4"
  dependencies:
    safe-buffer: "npm:5.2.1"
  checksum: bac0316ebfeacb8f381b38285dc691c9939bf0a78b0b7c2d5758acadad242d04783cee5337ba7d12a565a19075af1b3c11c728e1e4946de73c6ff7ce45f3f1bb
  languageName: node
  linkType: hard

"content-type@npm:~1.0.4":
  version: 1.0.4
  resolution: "content-type@npm:1.0.4"
  checksum: 19e08f406f9ae3f80fb4607c75fbde1f22546647877e8047c9fa0b1c61e38f3ede853f51e915c95fd499c2e1c7478cb23c35cfb804d0e8e0495e8db88cfaed75
  languageName: node
  linkType: hard

"content-type@npm:~1.0.5":
  version: 1.0.5
  resolution: "content-type@npm:1.0.5"
  checksum: b76ebed15c000aee4678c3707e0860cb6abd4e680a598c0a26e17f0bfae723ec9cc2802f0ff1bc6e4d80603719010431d2231018373d4dde10f9ccff9dadf5af
  languageName: node
  linkType: hard

"cookie-signature@npm:1.0.6":
  version: 1.0.6
  resolution: "cookie-signature@npm:1.0.6"
  checksum: b36fd0d4e3fef8456915fcf7742e58fbfcc12a17a018e0eb9501c9d5ef6893b596466f03b0564b81af29ff2538fd0aa4b9d54fe5ccbfb4c90ea50ad29fe2d221
  languageName: node
  linkType: hard

"cookie@npm:0.6.0":
  version: 0.6.0
  resolution: "cookie@npm:0.6.0"
  checksum: f2318b31af7a31b4ddb4a678d024514df5e705f9be5909a192d7f116cfb6d45cbacf96a473fa733faa95050e7cff26e7832bb3ef94751592f1387b71c8956686
  languageName: node
  linkType: hard

"cookiejar@npm:^2.1.2":
  version: 2.1.2
  resolution: "cookiejar@npm:2.1.2"
  checksum: 01b6ef3e41c57ca71bced1a0dcf027814d92216e7b9e0975d2ae29869bc15d0865a6111ef1b39b7e0dbd2f16f06a9c85579466b72209fd80aa742be21a1c3079
  languageName: node
  linkType: hard

"core-util-is@npm:1.0.2":
  version: 1.0.2
  resolution: "core-util-is@npm:1.0.2"
  checksum: 980a37a93956d0de8a828ce508f9b9e3317039d68922ca79995421944146700e4aaf490a6dbfebcb1c5292a7184600c7710b957d724be1e37b8254c6bc0fe246
  languageName: node
  linkType: hard

"dashdash@npm:^1.12.0":
  version: 1.14.1
  resolution: "dashdash@npm:1.14.1"
  dependencies:
    assert-plus: "npm:^1.0.0"
  checksum: 64589a15c5bd01fa41ff7007e0f2c6552c5ef2028075daa16b188a3721f4ba001841bf306dfc2eee6e2e6e7f76b38f5f17fb21fa847504192290ffa9e150118a
  languageName: node
  linkType: hard

"debug@npm:2.6.9":
  version: 2.6.9
  resolution: "debug@npm:2.6.9"
  dependencies:
    ms: "npm:2.0.0"
  checksum: 121908fb839f7801180b69a7e218a40b5a0b718813b886b7d6bdb82001b931c938e2941d1e4450f33a1b1df1da653f5f7a0440c197f29fbf8a6e9d45ff6ef589
  languageName: node
  linkType: hard

"debug@npm:^4.1.1":
  version: 4.1.1
  resolution: "debug@npm:4.1.1"
  dependencies:
    ms: "npm:^2.1.1"
  checksum: 399e98c779ba4e71537497f10caf6390646b69330ff8a455427acce04f1ce8d8cd018e1804fdcca772177666fdcd888dd3672bb8f9986c1d785a6c2b9805f370
  languageName: node
  linkType: hard

"debug@npm:^4.3.4":
  version: 4.3.4
  resolution: "debug@npm:4.3.4"
  dependencies:
    ms: "npm:2.1.2"
  peerDependenciesMeta:
    supports-color:
      optional: true
  checksum: cedbec45298dd5c501d01b92b119cd3faebe5438c3917ff11ae1bff86a6c722930ac9c8659792824013168ba6db7c4668225d845c633fbdafbbf902a6389f736
  languageName: node
  linkType: hard

"define-data-property@npm:^1.1.1":
  version: 1.1.1
  resolution: "define-data-property@npm:1.1.1"
  dependencies:
    get-intrinsic: "npm:^1.2.1"
    gopd: "npm:^1.0.1"
    has-property-descriptors: "npm:^1.0.0"
  checksum: 77ef6e0bceb515e05b5913ab635a84d537cee84f8a7c37c77fdcb31fc5b80f6dbe81b33375e4b67d96aa04e6a0d8d4ea099e431d83f089af8d93adfb584bcb94
  languageName: node
  linkType: hard

"delayed-stream@npm:~1.0.0":
  version: 1.0.0
  resolution: "delayed-stream@npm:1.0.0"
  checksum: d758899da03392e6712f042bec80aa293bbe9e9ff1b2634baae6a360113e708b91326594c8a486d475c69d6259afb7efacdc3537bfcda1c6c648e390ce601b19
  languageName: node
  linkType: hard

"depd@npm:2.0.0":
  version: 2.0.0
  resolution: "depd@npm:2.0.0"
  checksum: 58bd06ec20e19529b06f7ad07ddab60e504d9e0faca4bd23079fac2d279c3594334d736508dc350e06e510aba5e22e4594483b3a6562ce7c17dd797f4cc4ad2c
  languageName: node
  linkType: hard

"destroy@npm:1.2.0":
  version: 1.2.0
  resolution: "destroy@npm:1.2.0"
  checksum: bd7633942f57418f5a3b80d5cb53898127bcf53e24cdf5d5f4396be471417671f0fee48a4ebe9a1e9defbde2a31280011af58a57e090ff822f589b443ed4e643
  languageName: node
  linkType: hard

"ecc-jsbn@npm:~0.1.1":
  version: 0.1.2
  resolution: "ecc-jsbn@npm:0.1.2"
  dependencies:
    jsbn: "npm:~0.1.0"
    safer-buffer: "npm:^2.1.0"
  checksum: 6cf168bae1e2dad2e46561d9af9cbabfbf5ff592176ad4e9f0f41eaaf5fe5e10bb58147fe0a804de62b1ee9dad42c28810c88d652b21b6013c47ba8efa274ca1
  languageName: node
  linkType: hard

"ee-first@npm:1.1.1":
  version: 1.1.1
  resolution: "ee-first@npm:1.1.1"
  checksum: b5bb125ee93161bc16bfe6e56c6b04de5ad2aa44234d8f644813cc95d861a6910903132b05093706de2b706599367c4130eb6d170f6b46895686b95f87d017b7
  languageName: node
  linkType: hard

"encodeurl@npm:~1.0.2":
  version: 1.0.2
  resolution: "encodeurl@npm:1.0.2"
  checksum: f6c2387379a9e7c1156c1c3d4f9cb7bb11cf16dd4c1682e1f6746512564b053df5781029b6061296832b59fb22f459dbe250386d217c2f6e203601abb2ee0bec
  languageName: node
  linkType: hard

"escape-html@npm:~1.0.3":
  version: 1.0.3
  resolution: "escape-html@npm:1.0.3"
  checksum: 524c739d776b36c3d29fa08a22e03e8824e3b2fd57500e5e44ecf3cc4707c34c60f9ca0781c0e33d191f2991161504c295e98f68c78fe7baa6e57081ec6ac0a3
  languageName: node
  linkType: hard

"etag@npm:~1.8.1":
  version: 1.8.1
  resolution: "etag@npm:1.8.1"
  checksum: 12be11ef62fb9817314d790089a0a49fae4e1b50594135dcb8076312b7d7e470884b5100d249b28c18581b7fd52f8b485689ffae22a11ed9ec17377a33a08f84
  languageName: node
  linkType: hard

"express@npm:^4.19.2":
  version: 4.19.2
  resolution: "express@npm:4.19.2"
  dependencies:
    accepts: "npm:~1.3.8"
    array-flatten: "npm:1.1.1"
    body-parser: "npm:1.20.2"
    content-disposition: "npm:0.5.4"
    content-type: "npm:~1.0.4"
    cookie: "npm:0.6.0"
    cookie-signature: "npm:1.0.6"
    debug: "npm:2.6.9"
    depd: "npm:2.0.0"
    encodeurl: "npm:~1.0.2"
    escape-html: "npm:~1.0.3"
    etag: "npm:~1.8.1"
    finalhandler: "npm:1.2.0"
    fresh: "npm:0.5.2"
    http-errors: "npm:2.0.0"
    merge-descriptors: "npm:1.0.1"
    methods: "npm:~1.1.2"
    on-finished: "npm:2.4.1"
    parseurl: "npm:~1.3.3"
    path-to-regexp: "npm:0.1.7"
    proxy-addr: "npm:~2.0.7"
    qs: "npm:6.11.0"
    range-parser: "npm:~1.2.1"
    safe-buffer: "npm:5.2.1"
    send: "npm:0.18.0"
    serve-static: "npm:1.15.0"
    setprototypeof: "npm:1.2.0"
    statuses: "npm:2.0.1"
    type-is: "npm:~1.6.18"
    utils-merge: "npm:1.0.1"
    vary: "npm:~1.1.2"
  checksum: e82e2662ea9971c1407aea9fc3c16d6b963e55e3830cd0ef5e00b533feda8b770af4e3be630488ef8a752d7c75c4fcefb15892868eeaafe7353cb9e3e269fdcb
  languageName: node
  linkType: hard

"extend@npm:~3.0.2":
  version: 3.0.2
  resolution: "extend@npm:3.0.2"
  checksum: 73bf6e27406e80aa3e85b0d1c4fd987261e628064e170ca781125c0b635a3dabad5e05adbf07595ea0cf1e6c5396cacb214af933da7cbaf24fe75ff14818e8f9
  languageName: node
  linkType: hard

"extsprintf@npm:1.3.0":
  version: 1.3.0
  resolution: "extsprintf@npm:1.3.0"
  checksum: f75114a8388f0cbce68e277b6495dc3930db4dde1611072e4a140c24e204affd77320d004b947a132e9a3b97b8253017b2b62dce661975fb0adced707abf1ab5
  languageName: node
  linkType: hard

"extsprintf@npm:^1.2.0":
  version: 1.4.0
  resolution: "extsprintf@npm:1.4.0"
  checksum: c2164f9143198650253e3bccc711cc634896e04af85c5bf3e71b2cc23b5ab7e9757a7f0dc7150f50d69871d03aef1eb9c5b8ea9d5dd2a6cf47e88fbe145fefef
  languageName: node
  linkType: hard

"fast-deep-equal@npm:^2.0.1":
  version: 2.0.1
  resolution: "fast-deep-equal@npm:2.0.1"
  checksum: 1602e0d6ed63493c865cc6b03f9070d6d3926e8cd086a123060b58f80a295f3f08b1ecfb479ae7c45b7fd45535202aea7cf5b49bc31bffb81c20b1502300be84
  languageName: node
  linkType: hard

"fast-json-stable-stringify@npm:^2.0.0":
  version: 2.0.0
  resolution: "fast-json-stable-stringify@npm:2.0.0"
  checksum: 42eb0fd98caf87d0c0c7e418cd18906b7573420736cbe14e536af573da03ab421b4f03956272e42f962b3ceacac2765ac0c1a909ffcea0b0c2799b6c145a7026
  languageName: node
  linkType: hard

"fast-safe-stringify@npm:^2.0.7":
  version: 2.0.7
  resolution: "fast-safe-stringify@npm:2.0.7"
  checksum: 9031c630e55c19aa95f7c4fcaa3adaa20753dbb04722f8b78eedd8f825c2ddbda68449c89770f03f79dbadf5c4b30a421e0a0d960cb8db4f0d763cc9edfc709c
  languageName: node
  linkType: hard

"finalhandler@npm:1.2.0":
  version: 1.2.0
  resolution: "finalhandler@npm:1.2.0"
  dependencies:
    debug: "npm:2.6.9"
    encodeurl: "npm:~1.0.2"
    escape-html: "npm:~1.0.3"
    on-finished: "npm:2.4.1"
    parseurl: "npm:~1.3.3"
    statuses: "npm:2.0.1"
    unpipe: "npm:~1.0.0"
  checksum: 64b7e5ff2ad1fcb14931cd012651631b721ce657da24aedb5650ddde9378bf8e95daa451da43398123f5de161a81e79ff5affe4f9f2a6d2df4a813d6d3e254b7
  languageName: node
  linkType: hard

"forever-agent@npm:~0.6.1":
  version: 0.6.1
  resolution: "forever-agent@npm:0.6.1"
  checksum: 364f7f5f7d93ab661455351ce116a67877b66f59aca199559a999bd39e3cfadbfbfacc10415a915255e2210b30c23febe9aec3ca16bf2d1ff11c935a1000e24c
  languageName: node
  linkType: hard

"form-data@npm:^3.0.0":
  version: 3.0.0
  resolution: "form-data@npm:3.0.0"
  dependencies:
    asynckit: "npm:^0.4.0"
    combined-stream: "npm:^1.0.8"
    mime-types: "npm:^2.1.12"
  checksum: 0091a12b4374099495da7e38cfcc984ff2aa938f2d0c44becb8fa200ab3018735ef35805be0e0c627f3565bf9a93c0b1c816cf602083b3178de71aa3e8611df8
  languageName: node
  linkType: hard

"form-data@npm:~2.3.2":
  version: 2.3.3
  resolution: "form-data@npm:2.3.3"
  dependencies:
    asynckit: "npm:^0.4.0"
    combined-stream: "npm:^1.0.6"
    mime-types: "npm:^2.1.12"
  checksum: 706ef1e5649286b6a61e5bb87993a9842807fd8f149cd2548ee807ea4fb882247bdf7f6e64ac4720029c0cd5c80343de0e22eee1dc9e9882e12db9cc7bc016a4
  languageName: node
  linkType: hard

"formidable@npm:^1.2.2":
  version: 1.2.2
  resolution: "formidable@npm:1.2.2"
  checksum: b6793b5b8c554df6c21955806a9fab2807906a0b048447140302e33ba9d13721e01e8f6dd91bed3b1ab2bbe37988b9fc759f8c19b571421bced8e6c0ad370ed4
  languageName: node
  linkType: hard

"forwarded@npm:0.2.0":
  version: 0.2.0
  resolution: "forwarded@npm:0.2.0"
  checksum: 9b67c3fac86acdbc9ae47ba1ddd5f2f81526fa4c8226863ede5600a3f7c7416ef451f6f1e240a3cc32d0fd79fcfe6beb08fd0da454f360032bde70bf80afbb33
  languageName: node
  linkType: hard

"fresh@npm:0.5.2":
  version: 0.5.2
  resolution: "fresh@npm:0.5.2"
  checksum: c6d27f3ed86cc5b601404822f31c900dd165ba63fff8152a3ef714e2012e7535027063bc67ded4cb5b3a49fa596495d46cacd9f47d6328459cf570f08b7d9e5a
  languageName: node
  linkType: hard

"fs-extra@npm:^11.2.0":
  version: 11.2.0
  resolution: "fs-extra@npm:11.2.0"
  dependencies:
    graceful-fs: "npm:^4.2.0"
    jsonfile: "npm:^6.0.1"
    universalify: "npm:^2.0.0"
  checksum: d77a9a9efe60532d2e790e938c81a02c1b24904ef7a3efb3990b835514465ba720e99a6ea56fd5e2db53b4695319b644d76d5a0e9988a2beef80aa7b1da63398
  languageName: node
  linkType: hard

"function-bind@npm:^1.1.2":
  version: 1.1.2
  resolution: "function-bind@npm:1.1.2"
  checksum: d8680ee1e5fcd4c197e4ac33b2b4dce03c71f4d91717292785703db200f5c21f977c568d28061226f9b5900cbcd2c84463646134fd5337e7925e0942bc3f46d5
  languageName: node
  linkType: hard

"get-intrinsic@npm:^1.0.2, get-intrinsic@npm:^1.1.3, get-intrinsic@npm:^1.2.1, get-intrinsic@npm:^1.2.2":
  version: 1.2.2
  resolution: "get-intrinsic@npm:1.2.2"
  dependencies:
    function-bind: "npm:^1.1.2"
    has-proto: "npm:^1.0.1"
    has-symbols: "npm:^1.0.3"
    hasown: "npm:^2.0.0"
  checksum: 4e7fb8adc6172bae7c4fe579569b4d5238b3667c07931cd46b4eee74bbe6ff6b91329bec311a638d8e60f5b51f44fe5445693c6be89ae88d4b5c49f7ff12db0b
  languageName: node
  linkType: hard

"getpass@npm:^0.1.1":
  version: 0.1.7
  resolution: "getpass@npm:0.1.7"
  dependencies:
    assert-plus: "npm:^1.0.0"
  checksum: c13f8530ecf16fc509f3fa5cd8dd2129ffa5d0c7ccdf5728b6022d52954c2d24be3706b4cdf15333eec52f1fbb43feb70a01dabc639d1d10071e371da8aaa52f
  languageName: node
  linkType: hard

"gopd@npm:^1.0.1":
  version: 1.0.1
  resolution: "gopd@npm:1.0.1"
  dependencies:
    get-intrinsic: "npm:^1.1.3"
  checksum: 505c05487f7944c552cee72087bf1567debb470d4355b1335f2c262d218ebbff805cd3715448fe29b4b380bae6912561d0467233e4165830efd28da241418c63
  languageName: node
  linkType: hard

"graceful-fs@npm:^4.1.6, graceful-fs@npm:^4.2.0":
  version: 4.2.0
  resolution: "graceful-fs@npm:4.2.0"
  checksum: 3bd275dbf33f437230d56885e897df49650bf2adb34eae6ff935e06bf416968d31e14828f6763d25f31743573ea4f76be762116ba69e5e83d508cd402007009e
  languageName: node
  linkType: hard

"har-schema@npm:^2.0.0":
  version: 2.0.0
  resolution: "har-schema@npm:2.0.0"
  checksum: 3856cb76152658e0002b9c2b45b4360bb26b3e832c823caed8fcf39a01096030bf09fa5685c0f7b0f2cb3ecba6e9dce17edaf28b64a423d6201092e6be56e592
  languageName: node
  linkType: hard

"har-validator@npm:~5.1.0":
  version: 5.1.3
  resolution: "har-validator@npm:5.1.3"
  dependencies:
    ajv: "npm:^6.5.5"
    har-schema: "npm:^2.0.0"
  checksum: 0f1d272d402efa2ebd63ad04c0daed514046f2c6a2d66d28773cb2abd464cdc9d0d11d55dd1cac3fa31e9e0e40f94e068ae388f6fb9d496049fd5e97643581af
  languageName: node
  linkType: hard

"has-property-descriptors@npm:^1.0.0":
  version: 1.0.1
  resolution: "has-property-descriptors@npm:1.0.1"
  dependencies:
    get-intrinsic: "npm:^1.2.2"
  checksum: d62ba94b40150b00d621bc64a6aedb5bf0ee495308b4b7ed6bac856043db3cdfb1db553ae81cec91c9d2bd82057ff0e94145e7fa25d5aa5985ed32e0921927f6
  languageName: node
  linkType: hard

"has-proto@npm:^1.0.1":
  version: 1.0.1
  resolution: "has-proto@npm:1.0.1"
  checksum: c8a8fe411f810b23a564bd5546a8f3f0fff6f1b692740eb7a2fdc9df716ef870040806891e2f23ff4653f1083e3895bf12088703dd1a0eac3d9202d3a4768cd0
  languageName: node
  linkType: hard

"has-symbols@npm:^1.0.3":
  version: 1.0.3
  resolution: "has-symbols@npm:1.0.3"
  checksum: e6922b4345a3f37069cdfe8600febbca791c94988c01af3394d86ca3360b4b93928bbf395859158f88099cb10b19d98e3bbab7c9ff2c1bd09cf665ee90afa2c3
  languageName: node
  linkType: hard

"hasown@npm:^2.0.0":
  version: 2.0.0
  resolution: "hasown@npm:2.0.0"
  dependencies:
    function-bind: "npm:^1.1.2"
  checksum: 5d415b114f410661208c95e7ab4879f1cc2765b8daceff4dc8718317d1cb7b9ffa7c5d1eafd9a4389c9aab7445d6ea88e05f3096cb1e529618b55304956b87fc
  languageName: node
  linkType: hard

"http-errors@npm:2.0.0":
  version: 2.0.0
  resolution: "http-errors@npm:2.0.0"
  dependencies:
    depd: "npm:2.0.0"
    inherits: "npm:2.0.4"
    setprototypeof: "npm:1.2.0"
    statuses: "npm:2.0.1"
    toidentifier: "npm:1.0.1"
  checksum: fc6f2715fe188d091274b5ffc8b3657bd85c63e969daa68ccb77afb05b071a4b62841acb7a21e417b5539014dff2ebf9550f0b14a9ff126f2734a7c1387f8e19
  languageName: node
  linkType: hard

"http-signature@npm:~1.2.0":
  version: 1.2.0
  resolution: "http-signature@npm:1.2.0"
  dependencies:
    assert-plus: "npm:^1.0.0"
    jsprim: "npm:^1.2.2"
    sshpk: "npm:^1.7.0"
  checksum: 582f7af7f354429e1fb19b3bbb9d35520843c69bb30a25b88ca3c5c2c10715f20ae7924e20cffbed220b1d3a726ef4fe8ccc48568d5744db87be9a79887d6733
  languageName: node
  linkType: hard

"iconv-lite@npm:0.4.24":
  version: 0.4.24
  resolution: "iconv-lite@npm:0.4.24"
  dependencies:
    safer-buffer: "npm:>= 2.1.2 < 3"
  checksum: c6886a24cc00f2a059767440ec1bc00d334a89f250db8e0f7feb4961c8727118457e27c495ba94d082e51d3baca378726cd110aaf7ded8b9bbfd6a44760cf1d4
  languageName: node
  linkType: hard

"inherits@npm:2.0.4, inherits@npm:^2.0.3":
  version: 2.0.4
  resolution: "inherits@npm:2.0.4"
  checksum: 4e531f648b29039fb7426fb94075e6545faa1eb9fe83c29f0b6d9e7263aceb4289d2d4557db0d428188eeb449cc7c5e77b0a0b2c4e248ff2a65933a0dee49ef2
  languageName: node
  linkType: hard

"ipaddr.js@npm:1.9.1":
  version: 1.9.1
  resolution: "ipaddr.js@npm:1.9.1"
  checksum: 0486e775047971d3fdb5fb4f063829bac45af299ae0b82dcf3afa2145338e08290563a2a70f34b732d795ecc8311902e541a8530eeb30d75860a78ff4e94ce2a
  languageName: node
  linkType: hard

"is-typedarray@npm:~1.0.0":
  version: 1.0.0
  resolution: "is-typedarray@npm:1.0.0"
  checksum: 4c096275ba041a17a13cca33ac21c16bc4fd2d7d7eb94525e7cd2c2f2c1a3ab956e37622290642501ff4310601e413b675cf399ad6db49855527d2163b3eeeec
  languageName: node
  linkType: hard

"isstream@npm:~0.1.2":
  version: 0.1.2
  resolution: "isstream@npm:0.1.2"
  checksum: a6686a878735ca0a48e0d674dd6d8ad31aedfaf70f07920da16ceadc7577b46d67179a60b313f2e6860cb097a2c2eb3cbd0b89e921ae89199a59a17c3273d66f
  languageName: node
  linkType: hard

"jsbn@npm:~0.1.0":
  version: 0.1.1
  resolution: "jsbn@npm:0.1.1"
  checksum: e046e05c59ff880ee4ef68902dbdcb6d2f3c5d60c357d4d68647dc23add556c31c0e5f41bdb7e69e793dd63468bd9e085da3636341048ef577b18f5b713877c0
  languageName: node
  linkType: hard

"json-schema-traverse@npm:^0.4.1":
  version: 0.4.1
  resolution: "json-schema-traverse@npm:0.4.1"
  checksum: 108fa90d4cc6f08243aedc6da16c408daf81793bf903e9fd5ab21983cda433d5d2da49e40711da016289465ec2e62e0324dcdfbc06275a607fe3233fde4942ce
  languageName: node
  linkType: hard

"json-schema@npm:0.2.3":
  version: 0.2.3
  resolution: "json-schema@npm:0.2.3"
  checksum: 141b3fdfe69a9fa662b9bca10933204b200bd30a6431e6bb90b9fbd9d056c352ede171386c77459440208800e2339936e08dfa8af44a0979c909b6b5769bcda3
  languageName: node
  linkType: hard

"json-stringify-safe@npm:~5.0.1":
  version: 5.0.1
  resolution: "json-stringify-safe@npm:5.0.1"
  checksum: 7dbf35cd0411d1d648dceb6d59ce5857ec939e52e4afc37601aa3da611f0987d5cee5b38d58329ceddf3ed48bd7215229c8d52059ab01f2444a338bf24ed0f37
  languageName: node
  linkType: hard

"jsonfile@npm:^6.0.1":
  version: 6.1.0
  resolution: "jsonfile@npm:6.1.0"
  dependencies:
    graceful-fs: "npm:^4.1.6"
    universalify: "npm:^2.0.0"
  dependenciesMeta:
    graceful-fs:
      optional: true
  checksum: 4f95b5e8a5622b1e9e8f33c96b7ef3158122f595998114d1e7f03985649ea99cb3cd99ce1ed1831ae94c8c8543ab45ebd044207612f31a56fd08462140e46865
  languageName: node
  linkType: hard

"jsprim@npm:^1.2.2":
  version: 1.4.1
  resolution: "jsprim@npm:1.4.1"
  dependencies:
    assert-plus: "npm:1.0.0"
    extsprintf: "npm:1.3.0"
    json-schema: "npm:0.2.3"
    verror: "npm:1.10.0"
  checksum: e457bd0d5f7eb11477708d77ed37a7dae88caf8226dc807a1a7d320bdb1085b7e3f89c057c2cbbcd543be41bbb934231549ef3842c9a5bbf2def940f2d07a841
  languageName: node
  linkType: hard

"lru-cache@npm:^6.0.0":
  version: 6.0.0
  resolution: "lru-cache@npm:6.0.0"
  dependencies:
    yallist: "npm:^4.0.0"
  checksum: cb53e582785c48187d7a188d3379c181b5ca2a9c78d2bce3e7dee36f32761d1c42983da3fe12b55cb74e1779fa94cdc2e5367c028a9b35317184ede0c07a30a9
  languageName: node
  linkType: hard

"media-typer@npm:0.3.0":
  version: 0.3.0
  resolution: "media-typer@npm:0.3.0"
  checksum: d160f31246907e79fed398470285f21bafb45a62869dc469b1c8877f3f064f5eabc4bcc122f9479b8b605bc5c76187d7871cf84c4ee3ecd3e487da1993279928
  languageName: node
  linkType: hard

"merge-descriptors@npm:1.0.1":
  version: 1.0.1
  resolution: "merge-descriptors@npm:1.0.1"
  checksum: b67d07bd44cfc45cebdec349bb6e1f7b077ee2fd5beb15d1f7af073849208cb6f144fe403e29a36571baf3f4e86469ac39acf13c318381e958e186b2766f54ec
  languageName: node
  linkType: hard

"methods@npm:^1.1.2, methods@npm:~1.1.2":
  version: 1.1.2
  resolution: "methods@npm:1.1.2"
  checksum: bdf7cc72ff0a33e3eede03708c08983c4d7a173f91348b4b1e4f47d4cdbf734433ad971e7d1e8c77247d9e5cd8adb81ea4c67b0a2db526b758b2233d7814b8b2
  languageName: node
  linkType: hard

"mime-db@npm:1.40.0":
  version: 1.40.0
  resolution: "mime-db@npm:1.40.0"
  checksum: ba1f62bda33c5a413d93420dc94b5763205fcc37094d3528349d20756d7623b3a4d20bf6526942ab6192f00a1e97c1e5abfe3c732e7bab331393652ca818d1cf
  languageName: node
  linkType: hard

"mime-db@npm:1.52.0":
  version: 1.52.0
  resolution: "mime-db@npm:1.52.0"
  checksum: 0557a01deebf45ac5f5777fe7740b2a5c309c6d62d40ceab4e23da9f821899ce7a900b7ac8157d4548ddbb7beffe9abc621250e6d182b0397ec7f10c7b91a5aa
  languageName: node
  linkType: hard

"mime-types@npm:^2.1.12, mime-types@npm:~2.1.19, mime-types@npm:~2.1.24":
  version: 2.1.24
  resolution: "mime-types@npm:2.1.24"
  dependencies:
    mime-db: "npm:1.40.0"
  checksum: 01960b9e2f5dc77f15e3858beb512243681535c6ca92954952185e4f8cc194910f5f4a9194454298c94562f1bedc3243a18ba1b6ddebe36c34b7ed43f8d39762
  languageName: node
  linkType: hard

"mime-types@npm:~2.1.34":
  version: 2.1.35
  resolution: "mime-types@npm:2.1.35"
  dependencies:
    mime-db: "npm:1.52.0"
  checksum: 82fb07ec56d8ff1fc999a84f2f217aa46cb6ed1033fefaabd5785b9a974ed225c90dc72fff460259e66b95b73648596dbcc50d51ed69cdf464af2d237d3149b2
  languageName: node
  linkType: hard

"mime@npm:1.6.0, mime@npm:^1.3.4":
  version: 1.6.0
  resolution: "mime@npm:1.6.0"
  bin:
    mime: cli.js
  checksum: b92cd0adc44888c7135a185bfd0dddc42c32606401c72896a842ae15da71eb88858f17669af41e498b463cd7eb998f7b48939a25b08374c7924a9c8a6f8a81b0
  languageName: node
  linkType: hard

"mime@npm:^2.4.6":
  version: 2.4.6
  resolution: "mime@npm:2.4.6"
  bin:
    mime: cli.js
  checksum: 48e508662389274c10acdf748561d9ccc418e5dc67838712f1dea80b06daa654aecdfbdd6d1ba39640c4adb3a0659f2305b9520be187180517d54411557bdb43
  languageName: node
  linkType: hard

"ms@npm:2.0.0":
  version: 2.0.0
  resolution: "ms@npm:2.0.0"
  checksum: f8fda810b39fd7255bbdc451c46286e549794fcc700dc9cd1d25658bbc4dc2563a5de6fe7c60f798a16a60c6ceb53f033cb353f493f0cf63e5199b702943159d
  languageName: node
  linkType: hard

"ms@npm:2.1.2, ms@npm:^2.1.1":
  version: 2.1.2
  resolution: "ms@npm:2.1.2"
  checksum: a437714e2f90dbf881b5191d35a6db792efbca5badf112f87b9e1c712aace4b4b9b742dd6537f3edf90fd6f684de897cec230abde57e87883766712ddda297cc
  languageName: node
  linkType: hard

"ms@npm:2.1.3":
  version: 2.1.3
  resolution: "ms@npm:2.1.3"
  checksum: d924b57e7312b3b63ad21fc5b3dc0af5e78d61a1fc7cfb5457edaf26326bf62be5307cc87ffb6862ef1c2b33b0233cdb5d4f01c4c958cc0d660948b65a287a48
  languageName: node
  linkType: hard

"musictwitter@workspace:.":
  version: 0.0.0-use.local
  resolution: "musictwitter@workspace:."
  dependencies:
    async: "npm:^3.2.5"
    debug: "npm:^4.3.4"
    express: "npm:^4.19.2"
    fs-extra: "npm:^11.2.0"
    spotify-web-api-node: "npm:^5.0.2"
    twit: "npm:^2.2.11"
    ws: "npm:^8.17.1"
  languageName: unknown
  linkType: soft

"negotiator@npm:0.6.3":
  version: 0.6.3
  resolution: "negotiator@npm:0.6.3"
  checksum: 3ec9fd413e7bf071c937ae60d572bc67155262068ed522cf4b3be5edbe6ddf67d095ec03a3a14ebf8fc8e95f8e1d61be4869db0dbb0de696f6b837358bd43fc2
  languageName: node
  linkType: hard

"oauth-sign@npm:~0.9.0":
  version: 0.9.0
  resolution: "oauth-sign@npm:0.9.0"
  checksum: fc92a516f6ddbb2699089a2748b04f55c47b6ead55a77cd3a2cbbce5f7af86164cb9425f9ae19acfd066f1ad7d3a96a67b8928c6ea946426f6d6c29e448497c2
  languageName: node
  linkType: hard

"object-inspect@npm:^1.9.0":
  version: 1.13.1
  resolution: "object-inspect@npm:1.13.1"
  checksum: fad603f408e345c82e946abdf4bfd774260a5ed3e5997a0b057c44153ac32c7271ff19e3a5ae39c858da683ba045ccac2f65245c12763ce4e8594f818f4a648d
  languageName: node
  linkType: hard

"on-finished@npm:2.4.1":
  version: 2.4.1
  resolution: "on-finished@npm:2.4.1"
  dependencies:
    ee-first: "npm:1.1.1"
  checksum: 46fb11b9063782f2d9968863d9cbba33d77aa13c17f895f56129c274318b86500b22af3a160fe9995aa41317efcd22941b6eba747f718ced08d9a73afdb087b4
  languageName: node
  linkType: hard

"parseurl@npm:~1.3.3":
  version: 1.3.3
  resolution: "parseurl@npm:1.3.3"
  checksum: 90dd4760d6f6174adb9f20cf0965ae12e23879b5f5464f38e92fce8073354341e4b3b76fa3d878351efe7d01e617121955284cfd002ab087fba1a0726ec0b4f5
  languageName: node
  linkType: hard

"path-to-regexp@npm:0.1.7":
  version: 0.1.7
  resolution: "path-to-regexp@npm:0.1.7"
  checksum: 50a1ddb1af41a9e68bd67ca8e331a705899d16fb720a1ea3a41e310480948387daf603abb14d7b0826c58f10146d49050a1291ba6a82b78a382d1c02c0b8f905
  languageName: node
  linkType: hard

"performance-now@npm:^2.1.0":
  version: 2.1.0
  resolution: "performance-now@npm:2.1.0"
  checksum: 22c54de06f269e29f640e0e075207af57de5052a3d15e360c09b9a8663f393f6f45902006c1e71aa8a5a1cdfb1a47fe268826f8496d6425c362f00f5bc3e85d9
  languageName: node
  linkType: hard

"proxy-addr@npm:~2.0.7":
  version: 2.0.7
  resolution: "proxy-addr@npm:2.0.7"
  dependencies:
    forwarded: "npm:0.2.0"
    ipaddr.js: "npm:1.9.1"
  checksum: c3eed999781a35f7fd935f398b6d8920b6fb00bbc14287bc6de78128ccc1a02c89b95b56742bf7cf0362cc333c61d138532049c7dedc7a328ef13343eff81210
  languageName: node
  linkType: hard

"psl@npm:^1.1.24":
  version: 1.2.0
  resolution: "psl@npm:1.2.0"
  checksum: b913aef36447ff3357fa22feca1bfef26e91b5bab332920441e40fa37e3df51a1d0a5fb5a618a27d05c4c13cb58b84b5dc31639b249ead4e430d07648caeea2a
  languageName: node
  linkType: hard

"punycode@npm:^1.4.1":
  version: 1.4.1
  resolution: "punycode@npm:1.4.1"
  checksum: 354b743320518aef36f77013be6e15da4db24c2b4f62c5f1eb0529a6ed02fbaf1cb52925785f6ab85a962f2b590d9cd5ad730b70da72b5f180e2556b8bd3ca08
  languageName: node
  linkType: hard

"punycode@npm:^2.1.0":
  version: 2.1.1
  resolution: "punycode@npm:2.1.1"
  checksum: 83815ca9b9177f055771f31980cbec7ffaef10257d50a95ab99b4a30f0404846e85fa6887ee1bbc0aaddb7bad6d96e2fa150a016051ff0f6b92be4ad613ddca8
  languageName: node
  linkType: hard

"qs@npm:6.11.0":
  version: 6.11.0
  resolution: "qs@npm:6.11.0"
  dependencies:
    side-channel: "npm:^1.0.4"
  checksum: 4e4875e4d7c7c31c233d07a448e7e4650f456178b9dd3766b7cfa13158fdb24ecb8c4f059fa91e820dc6ab9f2d243721d071c9c0378892dcdad86e9e9a27c68f
  languageName: node
  linkType: hard

"qs@npm:^6.9.4":
  version: 6.9.4
  resolution: "qs@npm:6.9.4"
  checksum: ae7d3ea39645728ad8e0dfa0fb8088ca5431f239cfcf4403ec4f3fc50cb1955510778c63267f06f3e6e699460054f72f3aac26c72b869604ddc8de26e04c57bc
  languageName: node
  linkType: hard

"qs@npm:~6.5.2":
  version: 6.5.2
  resolution: "qs@npm:6.5.2"
  checksum: dab79026d56e6f1fdcc4779a1c6e05d05dad2199443a025815399f545294c9ea2c3ab50a5198600f5f13f52c5672b4389ceccf946919e150467281abf6edf747
  languageName: node
  linkType: hard

"range-parser@npm:~1.2.1":
  version: 1.2.1
  resolution: "range-parser@npm:1.2.1"
  checksum: 96c032ac2475c8027b7a4e9fe22dc0dfe0f6d90b85e496e0f016fbdb99d6d066de0112e680805075bd989905e2123b3b3d002765149294dce0c1f7f01fcc2ea0
  languageName: node
  linkType: hard

"raw-body@npm:2.5.2":
  version: 2.5.2
  resolution: "raw-body@npm:2.5.2"
  dependencies:
    bytes: "npm:3.1.2"
    http-errors: "npm:2.0.0"
    iconv-lite: "npm:0.4.24"
    unpipe: "npm:1.0.0"
  checksum: b201c4b66049369a60e766318caff5cb3cc5a900efd89bdac431463822d976ad0670912c931fdbdcf5543207daf6f6833bca57aa116e1661d2ea91e12ca692c4
  languageName: node
  linkType: hard

"readable-stream@npm:^3.6.0":
  version: 3.6.0
  resolution: "readable-stream@npm:3.6.0"
  dependencies:
    inherits: "npm:^2.0.3"
    string_decoder: "npm:^1.1.1"
    util-deprecate: "npm:^1.0.1"
  checksum: 937bedd29ac8a68331666291922bea892fa2be1a33269e582de9f844a2002f146cf831e39cd49fe6a378d3f0c27358f259ed0e20d20f0bdc6a3f8fc21fce42dc
  languageName: node
  linkType: hard

"request@npm:^2.68.0":
  version: 2.88.0
  resolution: "request@npm:2.88.0"
  dependencies:
    aws-sign2: "npm:~0.7.0"
    aws4: "npm:^1.8.0"
    caseless: "npm:~0.12.0"
    combined-stream: "npm:~1.0.6"
    extend: "npm:~3.0.2"
    forever-agent: "npm:~0.6.1"
    form-data: "npm:~2.3.2"
    har-validator: "npm:~5.1.0"
    http-signature: "npm:~1.2.0"
    is-typedarray: "npm:~1.0.0"
    isstream: "npm:~0.1.2"
    json-stringify-safe: "npm:~5.0.1"
    mime-types: "npm:~2.1.19"
    oauth-sign: "npm:~0.9.0"
    performance-now: "npm:^2.1.0"
    qs: "npm:~6.5.2"
    safe-buffer: "npm:^5.1.2"
    tough-cookie: "npm:~2.4.3"
    tunnel-agent: "npm:^0.6.0"
    uuid: "npm:^3.3.2"
  checksum: 90369e22e14bcc393ae1f59e06f9b3eaf929d2b55036380b340776c0e196e5702516d8ae954ab0778a32a4c76cda70ab102b056f0d4160bb61ee90e114a83000
  languageName: node
  linkType: hard

"safe-buffer@npm:5.2.1, safe-buffer@npm:~5.2.0":
  version: 5.2.1
  resolution: "safe-buffer@npm:5.2.1"
  checksum: 6501914237c0a86e9675d4e51d89ca3c21ffd6a31642efeba25ad65720bce6921c9e7e974e5be91a786b25aa058b5303285d3c15dbabf983a919f5f630d349f3
  languageName: node
  linkType: hard

"safe-buffer@npm:^5.0.1, safe-buffer@npm:^5.1.2":
  version: 5.1.2
  resolution: "safe-buffer@npm:5.1.2"
  checksum: 780ba6b5d99cc9a40f7b951d47152297d0e260f0df01472a1b99d4889679a4b94a13d644f7dbc4f022572f09ae9005fa2fbb93bbbd83643316f365a3e9a45b21
  languageName: node
  linkType: hard

"safer-buffer@npm:>= 2.1.2 < 3, safer-buffer@npm:^2.0.2, safer-buffer@npm:^2.1.0, safer-buffer@npm:~2.1.0":
  version: 2.1.2
  resolution: "safer-buffer@npm:2.1.2"
  checksum: 7e3c8b2e88a1841c9671094bbaeebd94448111dd90a81a1f606f3f67708a6ec57763b3b47f06da09fc6054193e0e6709e77325415dc8422b04497a8070fa02d4
  languageName: node
  linkType: hard

"semver@npm:^7.3.2":
  version: 7.6.0
  resolution: "semver@npm:7.6.0"
  dependencies:
    lru-cache: "npm:^6.0.0"
  bin:
    semver: bin/semver.js
  checksum: fbfe717094ace0aa8d6332d7ef5ce727259815bd8d8815700853f4faf23aacbd7192522f0dc5af6df52ef4fa85a355ebd2f5d39f554bd028200d6cf481ab9b53
  languageName: node
  linkType: hard

"send@npm:0.18.0":
  version: 0.18.0
  resolution: "send@npm:0.18.0"
  dependencies:
    debug: "npm:2.6.9"
    depd: "npm:2.0.0"
    destroy: "npm:1.2.0"
    encodeurl: "npm:~1.0.2"
    escape-html: "npm:~1.0.3"
    etag: "npm:~1.8.1"
    fresh: "npm:0.5.2"
    http-errors: "npm:2.0.0"
    mime: "npm:1.6.0"
    ms: "npm:2.1.3"
    on-finished: "npm:2.4.1"
    range-parser: "npm:~1.2.1"
    statuses: "npm:2.0.1"
  checksum: 0eb134d6a51fc13bbcb976a1f4214ea1e33f242fae046efc311e80aff66c7a43603e26a79d9d06670283a13000e51be6e0a2cb80ff0942eaf9f1cd30b7ae736a
  languageName: node
  linkType: hard

"serve-static@npm:1.15.0":
  version: 1.15.0
  resolution: "serve-static@npm:1.15.0"
  dependencies:
    encodeurl: "npm:~1.0.2"
    escape-html: "npm:~1.0.3"
    parseurl: "npm:~1.3.3"
    send: "npm:0.18.0"
  checksum: fa9f0e21a540a28f301258dfe1e57bb4f81cd460d28f0e973860477dd4acef946a1f41748b5bd41c73b621bea2029569c935faa38578fd34cd42a9b4947088ba
  languageName: node
  linkType: hard

"set-function-length@npm:^1.1.1":
  version: 1.1.1
  resolution: "set-function-length@npm:1.1.1"
  dependencies:
    define-data-property: "npm:^1.1.1"
    get-intrinsic: "npm:^1.2.1"
    gopd: "npm:^1.0.1"
    has-property-descriptors: "npm:^1.0.0"
  checksum: a29e255c116c29e3323b851c4f46c58c91be9bb8b065f191e2ea1807cb2c839df56e3175732a498e0c6d54626ba6b6fef896bf699feb7ab70c42dc47eb247c95
  languageName: node
  linkType: hard

"setprototypeof@npm:1.2.0":
  version: 1.2.0
  resolution: "setprototypeof@npm:1.2.0"
  checksum: 68733173026766fa0d9ecaeb07f0483f4c2dc70ca376b3b7c40b7cda909f94b0918f6c5ad5ce27a9160bdfb475efaa9d5e705a11d8eaae18f9835d20976028bc
  languageName: node
  linkType: hard

"side-channel@npm:^1.0.4":
  version: 1.0.4
  resolution: "side-channel@npm:1.0.4"
  dependencies:
    call-bind: "npm:^1.0.0"
    get-intrinsic: "npm:^1.0.2"
    object-inspect: "npm:^1.9.0"
  checksum: 054a5d23ee35054b2c4609b9fd2a0587760737782b5d765a9c7852264710cc39c6dcb56a9bbd6c12cd84071648aea3edb2359d2f6e560677eedadce511ac1da5
  languageName: node
  linkType: hard

"spotify-web-api-node@npm:^5.0.2":
  version: 5.0.2
  resolution: "spotify-web-api-node@npm:5.0.2"
  dependencies:
    superagent: "npm:^6.1.0"
  checksum: 87cc8810f100c03abfe3ed2f6662fe60e442a9cb0489cc26f2f5f23b244b0422f80f1a1be665f32b3adc1a66d0f2f55d2c1baa3cf87aa54e37106818af17731c
  languageName: node
  linkType: hard

"sshpk@npm:^1.7.0":
  version: 1.16.1
  resolution: "sshpk@npm:1.16.1"
  dependencies:
    asn1: "npm:~0.2.3"
    assert-plus: "npm:^1.0.0"
    bcrypt-pbkdf: "npm:^1.0.0"
    dashdash: "npm:^1.12.0"
    ecc-jsbn: "npm:~0.1.1"
    getpass: "npm:^0.1.1"
    jsbn: "npm:~0.1.0"
    safer-buffer: "npm:^2.0.2"
    tweetnacl: "npm:~0.14.0"
  bin:
    sshpk-conv: bin/sshpk-conv
    sshpk-sign: bin/sshpk-sign
    sshpk-verify: bin/sshpk-verify
  checksum: 0fd664954f6c9dd07d77076e26c15de4ede5ea4457df86119c0c67d28b53d7a97647431e198869ebaf680cf8d292db2114a28d4c30841125e50c0de37a4b89bf
  languageName: node
  linkType: hard

"statuses@npm:2.0.1":
  version: 2.0.1
  resolution: "statuses@npm:2.0.1"
  checksum: 34378b207a1620a24804ce8b5d230fea0c279f00b18a7209646d5d47e419d1cc23e7cbf33a25a1e51ac38973dc2ac2e1e9c647a8e481ef365f77668d72becfd0
  languageName: node
  linkType: hard

"string_decoder@npm:^1.1.1":
  version: 1.3.0
  resolution: "string_decoder@npm:1.3.0"
  dependencies:
    safe-buffer: "npm:~5.2.0"
  checksum: 810614ddb030e271cd591935dcd5956b2410dd079d64ff92a1844d6b7588bf992b3e1b69b0f4d34a3e06e0bd73046ac646b5264c1987b20d0601f81ef35d731d
  languageName: node
  linkType: hard

"superagent@npm:^6.1.0":
  version: 6.1.0
  resolution: "superagent@npm:6.1.0"
  dependencies:
    component-emitter: "npm:^1.3.0"
    cookiejar: "npm:^2.1.2"
    debug: "npm:^4.1.1"
    fast-safe-stringify: "npm:^2.0.7"
    form-data: "npm:^3.0.0"
    formidable: "npm:^1.2.2"
    methods: "npm:^1.1.2"
    mime: "npm:^2.4.6"
    qs: "npm:^6.9.4"
    readable-stream: "npm:^3.6.0"
    semver: "npm:^7.3.2"
  checksum: 4376c82cdeabc9e2a54ae21f7bba6f0255964b123f54c7ca6e66ca1075c2d1b99c6e53848d86633a045884088f9be2c8f01d5e5ca14c6fbd37dbb1df479d7209
  languageName: node
  linkType: hard

"toidentifier@npm:1.0.1":
  version: 1.0.1
  resolution: "toidentifier@npm:1.0.1"
  checksum: 93937279934bd66cc3270016dd8d0afec14fb7c94a05c72dc57321f8bd1fa97e5bea6d1f7c89e728d077ca31ea125b78320a616a6c6cd0e6b9cb94cb864381c1
  languageName: node
  linkType: hard

"tough-cookie@npm:~2.4.3":
  version: 2.4.3
  resolution: "tough-cookie@npm:2.4.3"
  dependencies:
    psl: "npm:^1.1.24"
    punycode: "npm:^1.4.1"
  checksum: 35fb214ea89533bee66917faf563dddbe494d69a0b4f2ace7c27dcf5fe8c6b3c9484e8731654d35c56c3645c896c660b488e2509b6896f29c7af1e30fc11463b
  languageName: node
  linkType: hard

"tunnel-agent@npm:^0.6.0":
  version: 0.6.0
  resolution: "tunnel-agent@npm:0.6.0"
  dependencies:
    safe-buffer: "npm:^5.0.1"
  checksum: 4c7a1b813e7beae66fdbf567a65ec6d46313643753d0beefb3c7973d66fcec3a1e7f39759f0a0b4465883499c6dc8b0750ab8b287399af2e583823e40410a17a
  languageName: node
  linkType: hard

"tweetnacl@npm:^0.14.3, tweetnacl@npm:~0.14.0":
  version: 0.14.5
  resolution: "tweetnacl@npm:0.14.5"
  checksum: 4612772653512c7bc19e61923fbf42903f5e0389ec76a4a1f17195859d114671ea4aa3b734c2029ce7e1fa7e5cc8b80580f67b071ecf0b46b5636d030a0102a2
  languageName: node
  linkType: hard

"twit@npm:^2.2.11":
  version: 2.2.11
  resolution: "twit@npm:2.2.11"
  dependencies:
    bluebird: "npm:^3.1.5"
    mime: "npm:^1.3.4"
    request: "npm:^2.68.0"
  checksum: 106f0fa830163a659c38c747a11d1717d1f7450d73cebd2be715e5ceaabd96175b6be959f90b47628647127e363013e996b750d9e86a5f2a5d64ecb34d896035
  languageName: node
  linkType: hard

"type-is@npm:~1.6.18":
  version: 1.6.18
  resolution: "type-is@npm:1.6.18"
  dependencies:
    media-typer: "npm:0.3.0"
    mime-types: "npm:~2.1.24"
  checksum: a23daeb538591b7efbd61ecf06b6feb2501b683ffdc9a19c74ef5baba362b4347e42f1b4ed81f5882a8c96a3bfff7f93ce3ffaf0cbbc879b532b04c97a55db9d
  languageName: node
  linkType: hard

"universalify@npm:^2.0.0":
  version: 2.0.0
  resolution: "universalify@npm:2.0.0"
  checksum: 07092b9f46df61b823d8ab5e57f0ee5120c178b39609a95e4a15a98c42f6b0b8e834e66fbb47ff92831786193be42f1fd36347169b88ce8639d0f9670af24a71
  languageName: node
  linkType: hard

"unpipe@npm:1.0.0, unpipe@npm:~1.0.0":
  version: 1.0.0
  resolution: "unpipe@npm:1.0.0"
  checksum: 193400255bd48968e5c5383730344fbb4fa114cdedfab26e329e50dd2d81b134244bb8a72c6ac1b10ab0281a58b363d06405632c9d49ca9dfd5e90cbd7d0f32c
  languageName: node
  linkType: hard

"uri-js@npm:^4.2.2":
  version: 4.2.2
  resolution: "uri-js@npm:4.2.2"
  dependencies:
    punycode: "npm:^2.1.0"
  checksum: 883130a63b280644e290f4b34d9ee6cc38477b57904bd39e1e31c33823b1d7897cd410113a2b588f8c0fb32543b43c29aa1569235fd72c57a6a82b595a476ba0
  languageName: node
  linkType: hard

"util-deprecate@npm:^1.0.1":
  version: 1.0.2
  resolution: "util-deprecate@npm:1.0.2"
  checksum: 41a5bdd214df2f6c3ecf8622745e4a366c4adced864bc3c833739791aeeeb1838119af7daed4ba36428114b5c67dcda034a79c882e97e43c03e66a4dd7389942
  languageName: node
  linkType: hard

"utils-merge@npm:1.0.1":
  version: 1.0.1
  resolution: "utils-merge@npm:1.0.1"
  checksum: 02ba649de1b7ca8854bfe20a82f1dfbdda3fb57a22ab4a8972a63a34553cf7aa51bc9081cf7e001b035b88186d23689d69e71b510e610a09a4c66f68aa95b672
  languageName: node
  linkType: hard

"uuid@npm:^3.3.2":
  version: 3.3.2
  resolution: "uuid@npm:3.3.2"
  bin:
    uuid: ./bin/uuid
  checksum: 847bd7b389f44d05cf5341134d52803116b616c7344f12c74040effd75280b58273ea3a2bee6ba6e5405688c5edbb0696f4adcbc89e1206dc1d8650bdaece7a6
  languageName: node
  linkType: hard

"vary@npm:~1.1.2":
  version: 1.1.2
  resolution: "vary@npm:1.1.2"
  checksum: f15d588d79f3675135ba783c91a4083dcd290a2a5be9fcb6514220a1634e23df116847b1cc51f66bfb0644cf9353b2abb7815ae499bab06e46dd33c1a6bf1f4f
  languageName: node
  linkType: hard

"verror@npm:1.10.0":
  version: 1.10.0
  resolution: "verror@npm:1.10.0"
  dependencies:
    assert-plus: "npm:^1.0.0"
    core-util-is: "npm:1.0.2"
    extsprintf: "npm:^1.2.0"
  checksum: 37ccdf8542b5863c525128908ac80f2b476eed36a32cb944de930ca1e2e78584cc435c4b9b4c68d0fc13a47b45ff364b4be43aa74f8804f9050140f660fb660d
  languageName: node
  linkType: hard

"ws@npm:^8.17.1":
  version: 8.17.1
  resolution: "ws@npm:8.17.1"
  peerDependencies:
    bufferutil: ^4.0.1
    utf-8-validate: ">=5.0.2"
  peerDependenciesMeta:
    bufferutil:
      optional: true
    utf-8-validate:
      optional: true
  checksum: f4a49064afae4500be772abdc2211c8518f39e1c959640457dcee15d4488628620625c783902a52af2dd02f68558da2868fd06e6fd0e67ebcd09e6881b1b5bfe
  languageName: node
  linkType: hard

"yallist@npm:^4.0.0":
  version: 4.0.0
  resolution: "yallist@npm:4.0.0"
  checksum: 2286b5e8dbfe22204ab66e2ef5cc9bbb1e55dfc873bbe0d568aa943eb255d131890dfd5bf243637273d31119b870f49c18fcde2c6ffbb7a7a092b870dc90625a
  languageName: node
  linkType: hard
